
Microsoft Visual Studio Solution File, Format Version 12.00
# Visual Studio Version 16
VisualStudioVersion = 16.0.32901.82
MinimumVisualStudioVersion = 10.0.40219.1
Project("{8BC9CEB8-8B4A-11D0-8D11-00A0C91BC942}") = "PAA-2022", "PAA-2022\PAA-2022.vcxproj", "{32A29C0F-4530-4805-A4C9-6BE5F0AD4210}"
EndProject
Project("{8BC9CEB8-8B4A-11D0-8D11-00A0C91BC942}") = "PAA_Lib", "PAA_Lib\PAA_Lib.vcxproj", "{D944FC3C-6A1F-414B-AC02-475B69C0898E}"
EndProject
Project("{8BC9CEB8-8B4A-11D0-8D11-00A0C91BC942}") = "PAA-ASM", "PAA-ASM\PAA-ASM.vcxproj", "{8153BE0E-05FE-4D53-8DBA-B5FA1A2EBC87}"
EndProject
Global
	GlobalSection(SolutionConfigurationPlatforms) = preSolution
		Debug|x64 = Debug|x64
		Debug|x86 = Debug|x86
		Release|x64 = Release|x64
		Release|x86 = Release|x86
	EndGlobalSection
	GlobalSection(ProjectConfigurationPlatforms) = postSolution
		{32A29C0F-4530-4805-A4C9-6BE5F0AD4210}.Debug|x64.ActiveCfg = Debug|x64
		{32A29C0F-4530-4805-A4C9-6BE5F0AD4210}.Debug|x64.Build.0 = Debug|x64
		{32A29C0F-4530-4805-A4C9-6BE5F0AD4210}.Debug|x86.ActiveCfg = Debug|Win32
		{32A29C0F-4530-4805-A4C9-6BE5F0AD4210}.Debug|x86.Build.0 = Debug|Win32
		{32A29C0F-4530-4805-A4C9-6BE5F0AD4210}.Release|x64.ActiveCfg = Release|x64
		{32A29C0F-4530-4805-A4C9-6BE5F0AD4210}.Release|x64.Build.0 = Release|x64
		{32A29C0F-4530-4805-A4C9-6BE5F0AD4210}.Release|x86.ActiveCfg = Release|Win32
		{32A29C0F-4530-4805-A4C9-6BE5F0AD4210}.Release|x86.Build.0 = Release|Win32
		{D944FC3C-6A1F-414B-AC02-475B69C0898E}.Debug|x64.ActiveCfg = Debug|x64
		{D944FC3C-6A1F-414B-AC02-475B69C0898E}.Debug|x64.Build.0 = Debug|x64
		{D944FC3C-6A1F-414B-AC02-475B69C0898E}.Debug|x86.ActiveCfg = Debug|Win32
		{D944FC3C-6A1F-414B-AC02-475B69C0898E}.Debug|x86.Build.0 = Debug|Win32
		{D944FC3C-6A1F-414B-AC02-475B69C0898E}.Release|x64.ActiveCfg = Release|x64
		{D944FC3C-6A1F-414B-AC02-475B69C0898E}.Release|x64.Build.0 = Release|x64
		{D944FC3C-6A1F-414B-AC02-475B69C0898E}.Release|x86.ActiveCfg = Release|Win32
		{D944FC3C-6A1F-414B-AC02-475B69C0898E}.Release|x86.Build.0 = Release|Win32
		{8153BE0E-05FE-4D53-8DBA-B5FA1A2EBC87}.Debug|x64.ActiveCfg = Debug|x64
		{8153BE0E-05FE-4D53-8DBA-B5FA1A2EBC87}.Debug|x64.Build.0 = Debug|x64
		{8153BE0E-05FE-4D53-8DBA-B5FA1A2EBC87}.Debug|x86.ActiveCfg = Debug|Win32
		{8153BE0E-05FE-4D53-8DBA-B5FA1A2EBC87}.Debug|x86.Build.0 = Debug|Win32
		{8153BE0E-05FE-4D53-8DBA-B5FA1A2EBC87}.Release|x64.ActiveCfg = Release|x64
		{8153BE0E-05FE-4D53-8DBA-B5FA1A2EBC87}.Release|x64.Build.0 = Release|x64
		{8153BE0E-05FE-4D53-8DBA-B5FA1A2EBC87}.Release|x86.ActiveCfg = Release|Win32
		{8153BE0E-05FE-4D53-8DBA-B5FA1A2EBC87}.Release|x86.Build.0 = Release|Win32
	EndGlobalSection
	GlobalSection(SolutionProperties) = preSolution
		HideSolutionNode = FALSE
	EndGlobalSection
	GlobalSection(ExtensibilityGlobals) = postSolution
		SolutionGuid = {8A4446CE-55C5-4051-899D-E22051E31E70}
	EndGlobalSection
EndGlobal
